
Microsoft Visual Studio Solution File, Format Version 12.00
# Visual Studio 15
VisualStudioVersion = 15.0.28307.960
MinimumVisualStudioVersion = 10.0.40219.1
Project("{FAE04EC0-301F-11D3-BF4B-00C04F79EFBC}") = "ArrayParser", "ArrayParser\ArrayParser.csproj", "{BEBB6114-0E66-476F-B855-67BEE9FCDEB7}"
EndProject
Project("{FAE04EC0-301F-11D3-BF4B-00C04F79EFBC}") = "ArrayParserTests", "UnitTestProject2\ArrayParserTests.csproj", "{4DC21DE2-1221-42AA-ABEC-2B4F912A2AF2}"
EndProject
Global
	GlobalSection(SolutionConfigurationPlatforms) = preSolution
		Debug|Any CPU = Debug|Any CPU
		Release|Any CPU = Release|Any CPU
	EndGlobalSection
	GlobalSection(ProjectConfigurationPlatforms) = postSolution
		{BEBB6114-0E66-476F-B855-67BEE9FCDEB7}.Debug|Any CPU.ActiveCfg = Debug|Any CPU
		{BEBB6114-0E66-476F-B855-67BEE9FCDEB7}.Debug|Any CPU.Build.0 = Debug|Any CPU
		{BEBB6114-0E66-476F-B855-67BEE9FCDEB7}.Release|Any CPU.ActiveCfg = Release|Any CPU
		{BEBB6114-0E66-476F-B855-67BEE9FCDEB7}.Release|Any CPU.Build.0 = Release|Any CPU
		{4DC21DE2-1221-42AA-ABEC-2B4F912A2AF2}.Debug|Any CPU.ActiveCfg = Debug|Any CPU
		{4DC21DE2-1221-42AA-ABEC-2B4F912A2AF2}.Debug|Any CPU.Build.0 = Debug|Any CPU
		{4DC21DE2-1221-42AA-ABEC-2B4F912A2AF2}.Release|Any CPU.ActiveCfg = Release|Any CPU
		{4DC21DE2-1221-42AA-ABEC-2B4F912A2AF2}.Release|Any CPU.Build.0 = Release|Any CPU
	EndGlobalSection
	GlobalSection(SolutionProperties) = preSolution
		HideSolutionNode = FALSE
	EndGlobalSection
	GlobalSection(ExtensibilityGlobals) = postSolution
		SolutionGuid = {8F36DB4E-6521-4161-AACE-FF3E067D68F1}
	EndGlobalSection
EndGlobal
